
Microsoft Visual Studio Solution File, Format Version 12.00
# Visual Studio 2015
Project("{FAE04EC0-301F-11D3-BF4B-00C04F79EFBC}") = "MiniRPG.CSharp", "MiniRPG.CSharp.csproj", "{2103D15F-696C-F2B2-56B0-9A2DE38C1BDE}"
EndProject
Project("{FAE04EC0-301F-11D3-BF4B-00C04F79EFBC}") = "MiniRPG.CSharp.Editor", "MiniRPG.CSharp.Editor.csproj", "{5F144918-DB93-2ACE-5F58-E9CC99AB7426}"
EndProject
Global
	GlobalSection(SolutionConfigurationPlatforms) = preSolution
		Debug|Any CPU = Debug|Any CPU
		Release|Any CPU = Release|Any CPU
	EndGlobalSection
	GlobalSection(ProjectConfigurationPlatforms) = postSolution
		{2103D15F-696C-F2B2-56B0-9A2DE38C1BDE}.Debug|Any CPU.ActiveCfg = Debug|Any CPU
		{2103D15F-696C-F2B2-56B0-9A2DE38C1BDE}.Debug|Any CPU.Build.0 = Debug|Any CPU
		{2103D15F-696C-F2B2-56B0-9A2DE38C1BDE}.Release|Any CPU.ActiveCfg = Release|Any CPU
		{2103D15F-696C-F2B2-56B0-9A2DE38C1BDE}.Release|Any CPU.Build.0 = Release|Any CPU
		{5F144918-DB93-2ACE-5F58-E9CC99AB7426}.Debug|Any CPU.ActiveCfg = Debug|Any CPU
		{5F144918-DB93-2ACE-5F58-E9CC99AB7426}.Debug|Any CPU.Build.0 = Debug|Any CPU
		{5F144918-DB93-2ACE-5F58-E9CC99AB7426}.Release|Any CPU.ActiveCfg = Release|Any CPU
		{5F144918-DB93-2ACE-5F58-E9CC99AB7426}.Release|Any CPU.Build.0 = Release|Any CPU
	EndGlobalSection
	GlobalSection(SolutionProperties) = preSolution
		HideSolutionNode = FALSE
	EndGlobalSection
EndGlobal
